Microsoft Visual Studio Solution File, Format Version 12.00
# Visual Studio 15
VisualStudioVersion = 15.0.28010.2036
MinimumVisualStudioVersion = 10.0.40219.1
Project("{FAE04EC0-301F-11D3-BF4B-00C04F79EFBC}") = "Countries.Android", "Countries.Android\Countries.Android.csproj", "{AB6BD634-4E00-4C73-BC27-D589624098E7}"
EndProject
Project("{FAE04EC0-301F-11D3-BF4B-00C04F79EFBC}") = "Countries.iOS", "Countries.iOS\Countries.iOS.csproj", "{CBEF3F33-FD45-47BF-A408-F7C628CC626C}"
EndProject
Project("{9A19103F-16F7-4668-BE54-9A1E7A4F7556}") = "Countries", "Countries\Countries.csproj", "{980135D5-FA54-4BE8-B5EA-FC892FD79063}"
EndProject
Global
	GlobalSection(SolutionConfigurationPlatforms) = preSolution
		Ad-Hoc|Any CPU = Ad-Hoc|Any CPU
		Ad-Hoc|iPhone = Ad-Hoc|iPhone
		Ad-Hoc|iPhoneSimulator = Ad-Hoc|iPhoneSimulator
		AppStore|Any CPU = AppStore|Any CPU
		AppStore|iPhone = AppStore|iPhone
		AppStore|iPhoneSimulator = AppStore|iPhoneSimulator
		Debug|Any CPU = Debug|Any CPU
		Debug|iPhone = Debug|iPhone
		Debug|iPhoneSimulator = Debug|iPhoneSimulator
		Release|Any CPU = Release|Any CPU
		Release|iPhone = Release|iPhone
		Release|iPhoneSimulator = Release|iPhoneSimulator
	EndGlobalSection
	GlobalSection(ProjectConfigurationPlatforms) = postSolution
		{AB6BD634-4E00-4C73-BC27-D589624098E7}.Ad-Hoc|Any CPU.ActiveCfg = Release|Any CPU
		{AB6BD634-4E00-4C73-BC27-D589624098E7}.Ad-Hoc|Any CPU.Build.0 = Release|Any CPU
		{AB6BD634-4E00-4C73-BC27-D589624098E7}.Ad-Hoc|Any CPU.Deploy.0 = Release|Any CPU
		{AB6BD634-4E00-4C73-BC27-D589624098E7}.Ad-Hoc|iPhone.ActiveCfg = Debug|Any CPU
		{AB6BD634-4E00-4C73-BC27-D589624098E7}.Ad-Hoc|iPhone.Build.0 = Debug|Any CPU
		{AB6BD634-4E00-4C73-BC27-D589624098E7}.Ad-Hoc|iPhoneSimulator.ActiveCfg = Release|Any CPU
		{AB6BD634-4E00-4C73-BC27-D589624098E7}.Ad-Hoc|iPhoneSimulator.Build.0 = Release|Any CPU
		{AB6BD634-4E00-4C73-BC27-D589624098E7}.Ad-Hoc|iPhoneSimulator.Deploy.0 = Release|Any CPU
		{AB6BD634-4E00-4C73-BC27-D589624098E7}.AppStore|Any CPU.ActiveCfg = Release|Any CPU
		{AB6BD634-4E00-4C73-BC27-D589624098E7}.AppStore|Any CPU.Build.0 = Release|Any CPU
		{AB6BD634-4E00-4C73-BC27-D589624098E7}.AppStore|Any CPU.Deploy.0 = Release|Any CPU
		{AB6BD634-4E00-4C73-BC27-D589624098E7}.AppStore|iPhone.ActiveCfg = Debug|Any CPU
		{AB6BD634-4E00-4C73-BC27-D589624098E7}.AppStore|iPhone.Build.0 = Debug|Any CPU
		{AB6BD634-4E00-4C73-BC27-D589624098E7}.AppStore|iPhoneSimulator.ActiveCfg = Release|Any CPU
		{AB6BD634-4E00-4C73-BC27-D589624098E7}.AppStore|iPhoneSimulator.Build.0 = Release|Any CPU
		{AB6BD634-4E00-4C73-BC27-D589624098E7}.AppStore|iPhoneSimulator.Deploy.0 = Release|Any CPU
		{AB6BD634-4E00-4C73-BC27-D589624098E7}.Debug|Any CPU.ActiveCfg = Debug|Any CPU
		{AB6BD634-4E00-4C73-BC27-D589624098E7}.Debug|Any CPU.Build.0 = Debug|Any CPU
		{AB6BD634-4E00-4C73-BC27-D589624098E7}.Debug|iPhone.ActiveCfg = Debug|Any CPU
		{AB6BD634-4E00-4C73-BC27-D589624098E7}.Debug|iPhone.Build.0 = Debug|Any CPU
		{AB6BD634-4E00-4C73-BC27-D589624098E7}.Debug|iPhoneSimulator.ActiveCfg = Debug|Any CPU
		{AB6BD634-4E00-4C73-BC27-D589624098E7}.Debug|iPhoneSimulator.Build.0 = Debug|Any CPU
		{AB6BD634-4E00-4C73-BC27-D589624098E7}.Release|Any CPU.ActiveCfg = Release|Any CPU
		{AB6BD634-4E00-4C73-BC27-D589624098E7}.Release|Any CPU.Build.0 = Release|Any CPU
		{AB6BD634-4E00-4C73-BC27-D589624098E7}.Release|iPhone.ActiveCfg = Release|Any CPU
		{AB6BD634-4E00-4C73-BC27-D589624098E7}.Release|iPhone.Build.0 = Release|Any CPU
		{AB6BD634-4E00-4C73-BC27-D589624098E7}.Release|iPhoneSimulator.ActiveCfg = Release|Any CPU
		{AB6BD634-4E00-4C73-BC27-D589624098E7}.Release|iPhoneSimulator.Build.0 = Release|Any CPU
		{CBEF3F33-FD45-47BF-A408-F7C628CC626C}.Ad-Hoc|Any CPU.ActiveCfg = Ad-Hoc|iPhoneSimulator
		{CBEF3F33-FD45-47BF-A408-F7C628CC626C}.Ad-Hoc|iPhone.ActiveCfg = Ad-Hoc|iPhone
		{CBEF3F33-FD45-47BF-A408-F7C628CC626C}.Ad-Hoc|iPhone.Build.0 = Ad-Hoc|iPhone
		{CBEF3F33-FD45-47BF-A408-F7C628CC626C}.Ad-Hoc|iPhoneSimulator.ActiveCfg = Ad-Hoc|iPhoneSimulator
		{CBEF3F33-FD45-47BF-A408-F7C628CC626C}.Ad-Hoc|iPhoneSimulator.Build.0 = Ad-Hoc|iPhoneSimulator
		{CBEF3F33-FD45-47BF-A408-F7C628CC626C}.AppStore|Any CPU.ActiveCfg = AppStore|iPhoneSimulator
		{CBEF3F33-FD45-47BF-A408-F7C628CC626C}.AppStore|iPhone.ActiveCfg = AppStore|iPhone
		{CBEF3F33-FD45-47BF-A408-F7C628CC626C}.AppStore|iPhone.Build.0 = AppStore|iPhone
		{CBEF3F33-FD45-47BF-A408-F7C628CC626C}.AppStore|iPhoneSimulator.ActiveCfg = AppStore|iPhoneSimulator
		{CBEF3F33-FD45-47BF-A408-F7C628CC626C}.AppStore|iPhoneSimulator.Build.0 = AppStore|iPhoneSimulator
		{CBEF3F33-FD45-47BF-A408-F7C628CC626C}.Debug|Any CPU.ActiveCfg = Debug|iPhoneSimulator
		{CBEF3F33-FD45-47BF-A408-F7C628CC626C}.Debug|Any CPU.Build.0 = Debug|iPhoneSimulator
		{CBEF3F33-FD45-47BF-A408-F7C628CC626C}.Debug|iPhone.ActiveCfg = Debug|iPhone
		{CBEF3F33-FD45-47BF-A408-F7C628CC626C}.Debug|iPhone.Build.0 = Debug|iPhone
		{CBEF3F33-FD45-47BF-A408-F7C628CC626C}.Debug|iPhoneSimulator.ActiveCfg = Debug|iPhoneSimulator
		{CBEF3F33-FD45-47BF-A408-F7C628CC626C}.Debug|iPhoneSimulator.Build.0 = Debug|iPhoneSimulator
		{CBEF3F33-FD45-47BF-A408-F7C628CC626C}.Release|Any CPU.ActiveCfg = Release|iPhoneSimulator
		{CBEF3F33-FD45-47BF-A408-F7C628CC626C}.Release|Any CPU.Build.0 = Release|iPhoneSimulator
		{CBEF3F33-FD45-47BF-A408-F7C628CC626C}.Release|iPhone.ActiveCfg = Release|iPhone
		{CBEF3F33-FD45-47BF-A408-F7C628CC626C}.Release|iPhone.Build.0 = Release|iPhone
		{CBEF3F33-FD45-47BF-A408-F7C628CC626C}.Release|iPhoneSimulator.ActiveCfg = Release|iPhoneSimulator
		{CBEF3F33-FD45-47BF-A408-F7C628CC626C}.Release|iPhoneSimulator.Build.0 = Release|iPhoneSimulator
		{980135D5-FA54-4BE8-B5EA-FC892FD79063}.Ad-Hoc|Any CPU.ActiveCfg = Release|Any CPU
		{980135D5-FA54-4BE8-B5EA-FC892FD79063}.Ad-Hoc|Any CPU.Build.0 = Release|Any CPU
		{980135D5-FA54-4BE8-B5EA-FC892FD79063}.Ad-Hoc|iPhone.ActiveCfg = Debug|Any CPU
		{980135D5-FA54-4BE8-B5EA-FC892FD79063}.Ad-Hoc|iPhone.Build.0 = Debug|Any CPU
		{980135D5-FA54-4BE8-B5EA-FC892FD79063}.Ad-Hoc|iPhoneSimulator.ActiveCfg = Release|Any CPU
		{980135D5-FA54-4BE8-B5EA-FC892FD79063}.Ad-Hoc|iPhoneSimulator.Build.0 = Release|Any CPU
		{980135D5-FA54-4BE8-B5EA-FC892FD79063}.AppStore|Any CPU.ActiveCfg = Release|Any CPU
		{980135D5-FA54-4BE8-B5EA-FC892FD79063}.AppStore|Any CPU.Build.0 = Release|Any CPU
		{980135D5-FA54-4BE8-B5EA-FC892FD79063}.AppStore|iPhone.ActiveCfg = Debug|Any CPU
		{980135D5-FA54-4BE8-B5EA-FC892FD79063}.AppStore|iPhone.Build.0 = Debug|Any CPU
		{980135D5-FA54-4BE8-B5EA-FC892FD79063}.AppStore|iPhoneSimulator.ActiveCfg = Release|Any CPU
		{980135D5-FA54-4BE8-B5EA-FC892FD79063}.AppStore|iPhoneSimulator.Build.0 = Release|Any CPU
		{980135D5-FA54-4BE8-B5EA-FC892FD79063}.Debug|Any CPU.ActiveCfg = Debug|Any CPU
		{980135D5-FA54-4BE8-B5EA-FC892FD79063}.Debug|Any CPU.Build.0 = Debug|Any CPU
		{980135D5-FA54-4BE8-B5EA-FC892FD79063}.Debug|iPhone.ActiveCfg = Debug|Any CPU
		{980135D5-FA54-4BE8-B5EA-FC892FD79063}.Debug|iPhone.Build.0 = Debug|Any CPU
		{980135D5-FA54-4BE8-B5EA-FC892FD79063}.Debug|iPhoneSimulator.ActiveCfg = Debug|Any CPU
		{980135D5-FA54-4BE8-B5EA-FC892FD79063}.Debug|iPhoneSimulator.Build.0 = Debug|Any CPU
		{980135D5-FA54-4BE8-B5EA-FC892FD79063}.Release|Any CPU.ActiveCfg = Release|Any CPU
		{980135D5-FA54-4BE8-B5EA-FC892FD79063}.Release|Any CPU.Build.0 = Release|Any CPU
		{980135D5-FA54-4BE8-B5EA-FC892FD79063}.Release|iPhone.ActiveCfg = Release|Any CPU
		{980135D5-FA54-4BE8-B5EA-FC892FD79063}.Release|iPhone.Build.0 = Release|Any CPU
		{980135D5-FA54-4BE8-B5EA-FC892FD79063}.Release|iPhoneSimulator.ActiveCfg = Release|Any CPU
		{980135D5-FA54-4BE8-B5EA-FC892FD79063}.Release|iPhoneSimulator.Build.0 = Release|Any CPU
	EndGlobalSection
	GlobalSection(SolutionProperties) = preSolution
		HideSolutionNode = FALSE
	EndGlobalSection
	GlobalSection(ExtensibilityGlobals) = postSolution
		SolutionGuid = {F8961AA8-BC33-4F0D-81DA-F96EC7564643}
	EndGlobalSection
EndGlobal
